
Microsoft Visual Studio Solution File, Format Version 12.00
# Visual Studio Version 17
VisualStudioVersion = 17.6.33801.468
MinimumVisualStudioVersion = 10.0.40219.1
Project("{FAE04EC0-301F-11D3-BF4B-00C04F79EFBC}") = "surya-dm-demo", "surya-dm-demo\surya-dm-demo.csproj", "{A6255D99-83F1-4E76-AF97-2431BA715B0D}"
EndProject
Global
	GlobalSection(SolutionConfigurationPlatforms) = preSolution
		Debug|Any CPU = Debug|Any CPU
		Release|Any CPU = Release|Any CPU
	EndGlobalSection
	GlobalSection(ProjectConfigurationPlatforms) = postSolution
		{A6255D99-83F1-4E76-AF97-2431BA715B0D}.Debug|Any CPU.ActiveCfg = Debug|Any CPU
		{A6255D99-83F1-4E76-AF97-2431BA715B0D}.Debug|Any CPU.Build.0 = Debug|Any CPU
		{A6255D99-83F1-4E76-AF97-2431BA715B0D}.Release|Any CPU.ActiveCfg = Release|Any CPU
		{A6255D99-83F1-4E76-AF97-2431BA715B0D}.Release|Any CPU.Build.0 = Release|Any CPU
	EndGlobalSection
	GlobalSection(SolutionProperties) = preSolution
		HideSolutionNode = FALSE
	EndGlobalSection
	GlobalSection(ExtensibilityGlobals) = postSolution
		SolutionGuid = {1CF8BFC6-CC76-4D2F-A8AD-FDA111E2EBED}
	EndGlobalSection
EndGlobal
